
Microsoft Visual Studio Solution File, Format Version 12.00
# Visual Studio Version 17
VisualStudioVersion = 17.14.36301.6
MinimumVisualStudioVersion = 10.0.40219.1
Project("{8BC9CEB8-8B4A-11D0-8D11-00A0C91BC942}") = "Packer", "Packer\Packer.vcxproj", "{DFE4B8B7-0247-4416-AA48-19F28CEC27CF}"
	ProjectSection(ProjectDependencies) = postProject
		{52051757-27A9-4589-8896-B9979AE46FE9} = {52051757-27A9-4589-8896-B9979AE46FE9}
	EndProjectSection
EndProject
Project("{8BC9CEB8-8B4A-11D0-8D11-00A0C91BC942}") = "ExecutableStub", "ExecutableStub\ExecutableStub.vcxproj", "{52051757-27A9-4589-8896-B9979AE46FE9}"
EndProject
Global
	GlobalSection(SolutionConfigurationPlatforms) = preSolution
		Debug|x64 = Debug|x64
		Debug|x86 = Debug|x86
		Release|x64 = Release|x64
		Release|x86 = Release|x86
	EndGlobalSection
	GlobalSection(ProjectConfigurationPlatforms) = postSolution
		{DFE4B8B7-0247-4416-AA48-19F28CEC27CF}.Debug|x64.ActiveCfg = Debug|x64
		{DFE4B8B7-0247-4416-AA48-19F28CEC27CF}.Debug|x64.Build.0 = Debug|x64
		{DFE4B8B7-0247-4416-AA48-19F28CEC27CF}.Debug|x86.ActiveCfg = Debug|Win32
		{DFE4B8B7-0247-4416-AA48-19F28CEC27CF}.Debug|x86.Build.0 = Debug|Win32
		{DFE4B8B7-0247-4416-AA48-19F28CEC27CF}.Release|x64.ActiveCfg = Release|x64
		{DFE4B8B7-0247-4416-AA48-19F28CEC27CF}.Release|x64.Build.0 = Release|x64
		{DFE4B8B7-0247-4416-AA48-19F28CEC27CF}.Release|x86.ActiveCfg = Release|Win32
		{DFE4B8B7-0247-4416-AA48-19F28CEC27CF}.Release|x86.Build.0 = Release|Win32
		{52051757-27A9-4589-8896-B9979AE46FE9}.Debug|x64.ActiveCfg = Debug|x64
		{52051757-27A9-4589-8896-B9979AE46FE9}.Debug|x64.Build.0 = Debug|x64
		{52051757-27A9-4589-8896-B9979AE46FE9}.Debug|x86.ActiveCfg = Debug|Win32
		{52051757-27A9-4589-8896-B9979AE46FE9}.Debug|x86.Build.0 = Debug|Win32
		{52051757-27A9-4589-8896-B9979AE46FE9}.Release|x64.ActiveCfg = Release|x64
		{52051757-27A9-4589-8896-B9979AE46FE9}.Release|x64.Build.0 = Release|x64
		{52051757-27A9-4589-8896-B9979AE46FE9}.Release|x86.ActiveCfg = Release|Win32
		{52051757-27A9-4589-8896-B9979AE46FE9}.Release|x86.Build.0 = Release|Win32
	EndGlobalSection
	GlobalSection(SolutionProperties) = preSolution
		HideSolutionNode = FALSE
	EndGlobalSection
	GlobalSection(ExtensibilityGlobals) = postSolution
		SolutionGuid = {BA1C23D8-AA32-4702-A32B-6A8BAFE76191}
	EndGlobalSection
EndGlobal
