<?xml version="1.0" encoding="utf-8"?>
<Project ToolsVersion="4.0" xmlns="http://schemas.microsoft.com/developer/msbuild/2003">
  <ItemGroup>
    <ClCompile Include="main.cpp" />
  </ItemGroup>
  <ItemGroup>
    <Filter Include="utils">
      <UniqueIdentifier>{a2e0854f-71a7-465b-af63-bcaa51817011}</UniqueIdentifier>
    </Filter>
    <Filter Include="shared">
      <UniqueIdentifier>{25fb033d-b19f-4926-9167-fcd10eed3159}</UniqueIdentifier>
    </Filter>
  </ItemGroup>
  <ItemGroup>
    <ClInclude Include="arguments.h">
      <Filter>utils</Filter>
    </ClInclude>
    <ClInclude Include="..\shared\common.h">
      <Filter>shared</Filter>
    </ClInclude>
    <ClInclude Include="resource.h">
      <Filter>utils</Filter>
    </ClInclude>
    <ClInclude Include="resource1.h" />
  </ItemGroup>
  <ItemGroup>
    <ResourceCompile Include="stub.rc">
      <Filter>utils</Filter>
    </ResourceCompile>
  </ItemGroup>
</Project>