<?xml version="1.0" encoding="utf-8"?>
<Project ToolsVersion="4.0" xmlns="http://schemas.microsoft.com/developer/msbuild/2003">
  <ItemGroup>
    <ClCompile Include="main.cpp" />
  </ItemGroup>
  <ItemGroup>
    <Filter Include="utils">
      <UniqueIdentifier>{a2e0854f-71a7-465b-af63-bcaa51817011}</UniqueIdentifier>
    </Filter>
    <Filter Include="shared">
      <UniqueIdentifier>{25fb033d-b19f-4926-9167-fcd10eed3159}</UniqueIdentifier>
    </Filter>
    <Filter Include="resources">
      <UniqueIdentifier>{1d288105-ba24-48a4-9630-b063435fe625}</UniqueIdentifier>
    </Filter>
    <Filter Include="dependencies">
      <UniqueIdentifier>{291e1438-0892-4c6b-b76d-d99a1c6c3f26}</UniqueIdentifier>
    </Filter>
    <Filter Include="dependencies\zlib">
      <UniqueIdentifier>{881d3519-387d-4ca9-9576-796389f4d597}</UniqueIdentifier>
    </Filter>
  </ItemGroup>
  <ItemGroup>
    <ClInclude Include="arguments.h">
      <Filter>utils</Filter>
    </ClInclude>
    <ClInclude Include="..\shared\common.h">
      <Filter>shared</Filter>
    </ClInclude>
    <ClInclude Include="pe64.h">
      <Filter>utils</Filter>
    </ClInclude>
    <ClInclude Include="utils.h">
      <Filter>utils</Filter>
    </ClInclude>
    <ClInclude Include="..\dependencies\include\zconf.h">
      <Filter>dependencies\zlib</Filter>
    </ClInclude>
    <ClInclude Include="..\dependencies\include\zlib.h">
      <Filter>dependencies\zlib</Filter>
    </ClInclude>
    <ClInclude Include="resource.h">
      <Filter>resources</Filter>
    </ClInclude>
  </ItemGroup>
  <ItemGroup>
    <_EmbedManagedResourceFile Include="..\x64\Release\ExecutableStub.exe">
      <Filter>resources</Filter>
    </_EmbedManagedResourceFile>
  </ItemGroup>
  <ItemGroup>
    <ResourceCompile Include="ExecutableStub.rc">
      <Filter>resources</Filter>
    </ResourceCompile>
  </ItemGroup>
</Project>